
Microsoft Visual Studio Solution File, Format Version 12.00
# Visual Studio Version 16
VisualStudioVersion = 16.0.30503.244
MinimumVisualStudioVersion = 10.0.40219.1
Project("{FAE04EC0-301F-11D3-BF4B-00C04F79EFBC}") = "ProjetEDFWPF", "ProjetEDFWPF\ProjetEDFWPF.csproj", "{14D75F9E-AE04-4D47-9B2D-B0D4A6324699}"
EndProject
Global
	GlobalSection(SolutionConfigurationPlatforms) = preSolution
		Debug|Any CPU = Debug|Any CPU
		Release|Any CPU = Release|Any CPU
	EndGlobalSection
	GlobalSection(ProjectConfigurationPlatforms) = postSolution
		{14D75F9E-AE04-4D47-9B2D-B0D4A6324699}.Debug|Any CPU.ActiveCfg = Debug|Any CPU
		{14D75F9E-AE04-4D47-9B2D-B0D4A6324699}.Debug|Any CPU.Build.0 = Debug|Any CPU
		{14D75F9E-AE04-4D47-9B2D-B0D4A6324699}.Release|Any CPU.ActiveCfg = Release|Any CPU
		{14D75F9E-AE04-4D47-9B2D-B0D4A6324699}.Release|Any CPU.Build.0 = Release|Any CPU
	EndGlobalSection
	GlobalSection(SolutionProperties) = preSolution
		HideSolutionNode = FALSE
	EndGlobalSection
	GlobalSection(ExtensibilityGlobals) = postSolution
		SolutionGuid = {0AD5AFD2-7107-46FD-AB8E-6EF96D93266C}
	EndGlobalSection
EndGlobal
